
Microsoft Visual Studio Solution File, Format Version 12.00
# Visual Studio 2012
Project("{2150E333-8FDC-42A3-9474-1A3956D46DE8}") = "Design pattern", "Design pattern", "{2F8E90AB-2111-445D-B83E-737DEF819454}"
EndProject
Project("{2150E333-8FDC-42A3-9474-1A3956D46DE8}") = "RESTful API", "RESTful API", "{ED66C6DD-E4B1-45E0-9161-D13721D2EF1B}"
EndProject
Project("{FAE04EC0-301F-11D3-BF4B-00C04F79EFBC}") = "WebApiTest", "WebApiTest\WebApiTest.csproj", "{77A71361-CC38-4DF3-96B0-0E58675D7BC2}"
EndProject
Global
	GlobalSection(SolutionConfigurationPlatforms) = preSolution
		Debug|Any CPU = Debug|Any CPU
		Release|Any CPU = Release|Any CPU
	EndGlobalSection
	GlobalSection(ProjectConfigurationPlatforms) = postSolution
		{77A71361-CC38-4DF3-96B0-0E58675D7BC2}.Debug|Any CPU.ActiveCfg = Debug|Any CPU
		{77A71361-CC38-4DF3-96B0-0E58675D7BC2}.Debug|Any CPU.Build.0 = Debug|Any CPU
		{77A71361-CC38-4DF3-96B0-0E58675D7BC2}.Release|Any CPU.ActiveCfg = Release|Any CPU
		{77A71361-CC38-4DF3-96B0-0E58675D7BC2}.Release|Any CPU.Build.0 = Release|Any CPU
	EndGlobalSection
	GlobalSection(SolutionProperties) = preSolution
		HideSolutionNode = FALSE
	EndGlobalSection
	GlobalSection(NestedProjects) = preSolution
		{77A71361-CC38-4DF3-96B0-0E58675D7BC2} = {ED66C6DD-E4B1-45E0-9161-D13721D2EF1B}
	EndGlobalSection
EndGlobal
